// !$*UTF8*$!
{
	archiveVersion = 1;
	classes = {
	};
	objectVersion = 46;
	objects = {

/* Begin PBXBuildFile section */
		BAFF9BCD1BDE4AE2003267C0 /* AppDelegate.swift in Sources */ = {isa = PBXBuildFile; fileRef = BAFF9BCC1BDE4AE2003267C0 /* AppDelegate.swift */; };
		BAFF9BCF1BDE4AE2003267C0 /* ViewController.swift in Sources */ = {isa = PBXBuildFile; fileRef = BAFF9BCE1BDE4AE2003267C0 /* ViewController.swift */; };
		BAFF9BD21BDE4AE2003267C0 /* Main.storyboard in Resources */ = {isa = PBXBuildFile; fileRef = BAFF9BD01BDE4AE2003267C0 /* Main.storyboard */; };
		BAFF9BD41BDE4AE2003267C0 /* Assets.xcassets in Resources */ = {isa = PBXBuildFile; fileRef = BAFF9BD31BDE4AE2003267C0 /* Assets.xcassets */; };
		BAFF9BD71BDE4AE2003267C0 /* LaunchScreen.storyboard in Resources */ = {isa = PBXBuildFile; fileRef = BAFF9BD51BDE4AE2003267C0 /* LaunchScreen.storyboard */; };
/* End PBXBuildFile section */

/* Begin PBXFileReference section */
		BAFF9BC91BDE4AE2003267C0 /* ScrollViewChalenge.app */ = {isa = PBXFileReference; explicitFileType = wrapper.application; includeInIndex = 0; path = ScrollViewChalenge.app; sourceTree = BUILT_PRODUCTS_DIR; };
		BAFF9BCC1BDE4AE2003267C0 /* AppDelegate.swift */ = {isa = PBXFileReference; lastKnownFileType = sourcecode.swift; path = AppDelegate.swift; sourceTree = "<group>"; };
		BAFF9BCE1BDE4AE2003267C0 /* ViewController.swift */ = {isa = PBXFileReference; lastKnownFileType = sourcecode.swift; path = ViewController.swift; sourceTree = "<group>"; };
		BAFF9BD11BDE4AE2003267C0 /* Base */ = {isa = PBXFileReference; lastKnownFileType = file.storyboard; name = Base; path = Base.lproj/Main.storyboard; sourceTree = "<group>"; };
		BAFF9BD31BDE4AE2003267C0 /* Assets.xcassets */ = {isa = PBXFileReference; lastKnownFileType = folder.assetcatalog; path = Assets.xcassets; sourceTree = "<group>"; };
		BAFF9BD61BDE4AE2003267C0 /* Base */ = {isa = PBXFileReference; lastKnownFileType = file.storyboard; name = Base; path = Base.lproj/LaunchScreen.storyboard; sourceTree = "<group>"; };
		BAFF9BD81BDE4AE2003267C0 /* Info.plist */ = {isa = PBXFileReference; lastKnownFileType = text.plist.xml; path = Info.plist; sourceTree = "<group>"; };
/* End PBXFileReference section */

/* Begin PBXFrameworksBuildPhase section */
		BAFF9BC61BDE4AE2003267C0 /* Frameworks */ = {
			isa = PBXFrameworksBuildPhase;
			buildActionMask = 2147483647;
			files = (
			);
			runOnlyForDeploymentPostprocessing = 0;
		};
/* End PBXFrameworksBuildPhase section */

/* Begin PBXGroup section */
		BAFF9BC01BDE4AE2003267C0 = {
			isa = PBXGroup;
			children = (
				BAFF9BCB1BDE4AE2003267C0 /* ScrollViewChalenge */,
				BAFF9BCA1BDE4AE2003267C0 /* Products */,
			);
			sourceTree = "<group>";
		};
		BAFF9BCA1BDE4AE2003267C0 /* Products */ = {
			isa = PBXGroup;
			children = (
				BAFF9BC91BDE4AE2003267C0 /* ScrollViewChalenge.app */,
			);
			name = Products;
			sourceTree = "<group>";
		};
		BAFF9BCB1BDE4AE2003267C0 /* ScrollViewChalenge */ = {
			isa = PBXGroup;
			children = (
				BAFF9BCC1BDE4AE2003267C0 /* AppDelegate.swift */,
				BAFF9BCE1BDE4AE2003267C0 /* ViewController.swift */,
				BAFF9BD01BDE4AE2003267C0 /* Main.storyboard */,
				BAFF9BD31BDE4AE2003267C0 /* Assets.xcassets */,
				BAFF9BD51BDE4AE2003267C0 /* LaunchScreen.storyboard */,
				BAFF9BD81BDE4AE2003267C0 /* Info.plist */,
			);
			path = ScrollViewChalenge;
			sourceTree = "<group>";
		};
/* End PBXGroup section */

/* Begin PBXNativeTarget section */
		BAFF9BC81BDE4AE2003267C0 /* ScrollViewChalenge */ = {
			isa = PBXNativeTarget;
			buildConfigurationList = BAFF9BDB1BDE4AE2003267C0 /* Build configuration list for PBXNativeTarget "ScrollViewChalenge" */;
			buildPhases = (
				BAFF9BC51BDE4AE2003267C0 /* Sources */,
				BAFF9BC61BDE4AE2003267C0 /* Frameworks */,
				BAFF9BC71BDE4AE2003267C0 /* Resources */,
			);
			buildRules = (
			);
			dependencies = (
			);
			name = ScrollViewChalenge;
			productName = ScrollViewChalenge;
			productReference = BAFF9BC91BDE4AE2003267C0 /* ScrollViewChalenge.app */;
			productType = "com.apple.product-type.application";
		};
/* End PBXNativeTarget section */

/* Begin PBXProject section */
		BAFF9BC11BDE4AE2003267C0 /* Project object */ = {
			isa = PBXProject;
			attributes = {
				LastSwiftUpdateCheck = 0710;
				LastUpgradeCheck = 0710;
				ORGANIZATIONNAME = "Roman Shcherbii";
				TargetAttributes = {
					BAFF9BC81BDE4AE2003267C0 = {
						CreatedOnToolsVersion = 7.1;
					};
				};
			};
			buildConfigurationList = BAFF9BC41BDE4AE2003267C0 /* Build configuration list for PBXProject "ScrollViewChalenge" */;
			compatibilityVersion = "Xcode 3.2";
			developmentRegion = English;
			hasScannedForEncodings = 0;
			knownRegions = (
				en,
				Base,
			);
			mainGroup = BAFF9BC01BDE4AE2003267C0;
			productRefGroup = BAFF9BCA1BDE4AE2003267C0 /* Products */;
			projectDirPath = "";
			projectRoot = "";
			targets = (
				BAFF9BC81BDE4AE2003267C0 /* ScrollViewChalenge */,
			);
		};
/* End PBXProject section */

/* Begin PBXResourcesBuildPhase section */
		BAFF9BC71BDE4AE2003267C0 /* Resources */ = {
			isa = PBXResourcesBuildPhase;
			buildActionMask = 2147483647;
			files = (
				BAFF9BD71BDE4AE2003267C0 /* LaunchScreen.storyboard in Resources */,
				BAFF9BD41BDE4AE2003267C0 /* Assets.xcassets in Resources */,
				BAFF9BD21BDE4AE2003267C0 /* Main.storyboard in Resources */,
			);
			runOnlyForDeploymentPostprocessing = 0;
		};
/* End PBXResourcesBuildPhase section */

/* Begin PBXSourcesBuildPhase section */
		BAFF9BC51BDE4AE2003267C0 /* Sources */ = {
			isa = PBXSourcesBuildPhase;
			buildActionMask = 2147483647;
			files = (
				BAFF9BCF1BDE4AE2003267C0 /* ViewController.swift in Sources */,
				BAFF9BCD1BDE4AE2003267C0 /* AppDelegate.swift in Sources */,
			);
			runOnlyForDeploymentPostprocessing = 0;
		};
/* End PBXSourcesBuildPhase section */

/* Begin PBXVariantGroup section */
		BAFF9BD01BDE4AE2003267C0 /* Main.storyboard */ = {
			isa = PBXVariantGroup;
			children = (
				BAFF9BD11BDE4AE2003267C0 /* Base */,
			);
			name = Main.storyboard;
			sourceTree = "<group>";
		};
		BAFF9BD51BDE4AE2003267C0 /* LaunchScreen.storyboard */ = {
			isa = PBXVariantGroup;
			children = (
				BAFF9BD61BDE4AE2003267C0 /* Base */,
			);
			name = LaunchScreen.storyboard;
			sourceTree = "<group>";
		};
/* End PBXVariantGroup section */

/* Begin XCBuildConfiguration section */
		BAFF9BD91BDE4AE2003267C0 /* Debug */ = {
			isa = XCBuildConfiguration;
			buildSettings = {
				ALWAYS_SEARCH_USER_PATHS = NO;
				CLANG_CXX_LANGUAGE_STANDARD = "gnu++0x";
				CLANG_CXX_LIBRARY = "libc++";
				CLANG_ENABLE_MODULES = YES;
				CLANG_ENABLE_OBJC_ARC = YES;
				CLANG_WARN_BOOL_CONVERSION = YES;
				CLANG_WARN_CONSTANT_CONVERSION = YES;
				CLANG_WARN_DIRECT_OBJC_ISA_USAGE = YES_ERROR;
				CLANG_WARN_EMPTY_BODY = YES;
				CLANG_WARN_ENUM_CONVERSION = YES;
				CLANG_WARN_INT_CONVERSION = YES;
				CLANG_WARN_OBJC_ROOT_CLASS = YES_ERROR;
				CLANG_WARN_UNREACHABLE_CODE = YES;
				CLANG_WARN__DUPLICATE_METHOD_MATCH = YES;
				"CODE_SIGN_IDENTITY[sdk=iphoneos*]" = "iPhone Developer";
				COPY_PHASE_STRIP = NO;
				DEBUG_INFORMATION_FORMAT = dwarf;
				ENABLE_STRICT_OBJC_MSGSEND = YES;
				ENABLE_TESTABILITY = YES;
				GCC_C_LANGUAGE_STANDARD = gnu99;
				GCC_DYNAMIC_NO_PIC = NO;
				GCC_NO_COMMON_BLOCKS = YES;
				GCC_OPTIMIZATION_LEVEL = 0;
				GCC_PREPROCESSOR_DEFINITIONS = (
					"DEBUG=1",
					"$(inherited)",
				);
				GCC_WARN_64_TO_32_BIT_CONVERSION = YES;
				GCC_WARN_ABOUT_RETURN_TYPE = YES_ERROR;
				GCC_WARN_UNDECLARED_SELECTOR = YES;
				GCC_WARN_UNINITIALIZED_AUTOS = YES_AGGRESSIVE;
				GCC_WARN_UNUSED_FUNCTION = YES;
				GCC_WARN_UNUSED_VARIABLE = YES;
				IPHONEOS_DEPLOYMENT_TARGET = 9.1;
				MTL_ENABLE_DEBUG_INFO = YES;
				ONLY_ACTIVE_ARCH = YES;
				SDKROOT = iphoneos;
				SWIFT_OPTIMIZATION_LEVEL = "-Onone";
				TARGETED_DEVICE_FAMILY = "1,2";
			};
			name = Debug;
		};
		BAFF9BDA1BDE4AE2003267C0 /* Release */ = {
			isa = XCBuildConfiguration;
			buildSettings = {
				ALWAYS_SEARCH_USER_PATHS = NO;
				CLANG_CXX_LANGUAGE_STANDARD = "gnu++0x";
				CLANG_CXX_LIBRARY = "libc++";
				CLANG_ENABLE_MODULES = YES;
				CLANG_ENABLE_OBJC_ARC = YES;
				CLANG_WARN_BOOL_CONVERSION = YES;
				CLANG_WARN_CONSTANT_CONVERSION = YES;
				CLANG_WARN_DIRECT_OBJC_ISA_USAGE = YES_ERROR;
				CLANG_WARN_EMPTY_BODY = YES;
				CLANG_WARN_ENUM_CONVERSION = YES;
				CLANG_WARN_INT_CONVERSION = YES;
				CLANG_WARN_OBJC_ROOT_CLASS = YES_ERROR;
				CLANG_WARN_UNREACHABLE_CODE = YES;
				CLANG_WARN__DUPLICATE_METHOD_MATCH = YES;
				"CODE_SIGN_IDENTITY[sdk=iphoneos*]" = "iPhone Developer";
				COPY_PHASE_STRIP = NO;
				DEBUG_INFORMATION_FORMAT = "dwarf-with-dsym";
				ENABLE_NS_ASSERTIONS = NO;
				ENABLE_STRICT_OBJC_MSGSEND = YES;
				GCC_C_LANGUAGE_STANDARD = gnu99;
				GCC_NO_COMMON_BLOCKS = YES;
				GCC_WARN_64_TO_32_BIT_CONVERSION = YES;
				GCC_WARN_ABOUT_RETURN_TYPE = YES_ERROR;
				GCC_WARN_UNDECLARED_SELECTOR = YES;
				GCC_WARN_UNINITIALIZED_AUTOS = YES_AGGRESSIVE;
				GCC_WARN_UNUSED_FUNCTION = YES;
				GCC_WARN_UNUSED_VARIABLE = YES;
				IPHONEOS_DEPLOYMENT_TARGET = 9.1;
				MTL_ENABLE_DEBUG_INFO = NO;
				SDKROOT = iphoneos;
				TARGETED_DEVICE_FAMILY = "1,2";
				VALIDATE_PRODUCT = YES;
			};
			name = Release;
		};
		BAFF9BDC1BDE4AE2003267C0 /* Debug */ = {
			isa = XCBuildConfiguration;
			buildSettings = {
				ASSETCATALOG_COMPILER_APPICON_NAME = AppIcon;
				INFOPLIST_FILE = ScrollViewChalenge/Info.plist;
				LD_RUNPATH_SEARCH_PATHS = "$(inherited) @executable_path/Frameworks";
				PRODUCT_BUNDLE_IDENTIFIER = hio.ScrollViewChalenge;
				PRODUCT_NAME = "$(TARGET_NAME)";
			};
			name = Debug;
		};
		BAFF9BDD1BDE4AE2003267C0 /* Release */ = {
			isa = XCBuildConfiguration;
			buildSettings = {
				ASSETCATALOG_COMPILER_APPICON_NAME = AppIcon;
				INFOPLIST_FILE = ScrollViewChalenge/Info.plist;
				LD_RUNPATH_SEARCH_PATHS = "$(inherited) @executable_path/Frameworks";
				PRODUCT_BUNDLE_IDENTIFIER = hio.ScrollViewChalenge;
				PRODUCT_NAME = "$(TARGET_NAME)";
			};
			name = Release;
		};
/* End XCBuildConfiguration section */

/* Begin XCConfigurationList section */
		BAFF9BC41BDE4AE2003267C0 /* Build configuration list for PBXProject "ScrollViewChalenge" */ = {
			isa = XCConfigurationList;
			buildConfigurations = (
				BAFF9BD91BDE4AE2003267C0 /* Debug */,
				BAFF9BDA1BDE4AE2003267C0 /* Release */,
			);
			defaultConfigurationIsVisible = 0;
			defaultConfigurationName = Release;
		};
		BAFF9BDB1BDE4AE2003267C0 /* Build configuration list for PBXNativeTarget "ScrollViewChalenge" */ = {
			isa = XCConfigurationList;
			buildConfigurations = (
				BAFF9BDC1BDE4AE2003267C0 /* Debug */,
				BAFF9BDD1BDE4AE2003267C0 /* Release */,
			);
			defaultConfigurationIsVisible = 0;
		};
/* End XCConfigurationList section */
	};
	rootObject = BAFF9BC11BDE4AE2003267C0 /* Project object */;
}
